#MicroXplorer Configuration settings - do not modify
File.Version=5
KeepUserPlacement=false
Mcu.Family=STM32F2
Mcu.IP0=NVIC
Mcu.IP1=RCC
Mcu.IP2=TIM3
Mcu.IP3=TIM4
Mcu.IPNb=4
Mcu.Name=STM32F207V(C-E-F-G)Tx
Mcu.Package=LQFP100
Mcu.Pin0=PE2
Mcu.Pin1=PE3
Mcu.Pin10=PB7
Mcu.Pin11=PB8
Mcu.Pin12=VP_TIM3_VS_ClockSourceINT
Mcu.Pin13=VP_TIM4_VS_ClockSourceINT
Mcu.Pin2=PB0
Mcu.Pin3=PB1
Mcu.Pin4=PD9
Mcu.Pin5=PD10
Mcu.Pin6=PD11
Mcu.Pin7=PB4
Mcu.Pin8=PB5
Mcu.Pin9=PB6
Mcu.PinsNb=14
Mcu.UserName=STM32F207VCTx
MxCube.Version=4.8.0
MxDb.Version=DB.4.0.80
NVIC.PriorityGroup=NVIC_PRIORITYGROUP_4
NVIC.SysTick_IRQn=true\:0\:0\:false
PB0.Locked=true
PB0.Signal=S_TIM3_CH3
PB1.Locked=true
PB1.Signal=S_TIM3_CH4
PB4.Locked=true
PB4.Signal=GPIO_Output
PB5.Locked=true
PB5.Signal=GPIO_Output
PB6.Locked=true
PB6.Signal=GPIO_Output
PB7.Locked=true
PB7.Signal=S_TIM4_CH2
PB8.Locked=true
PB8.Signal=GPIO_Output
PCC.Checker=false
PCC.Family=STM32F2
PCC.MCU=STM32F207V(C-E-F-G)Tx
PCC.MXVersion=4.8.0
PCC.PartNumber=STM32F207VCTx
PCC.Seq0=0
PCC.SubFamily=STM32F2x7
PCC.Temperature=25
PCC.Vdd=3.3
PD10.Locked=true
PD10.Signal=GPIO_Input
PD11.Locked=true
PD11.Signal=GPIO_Input
PD9.Locked=true
PD9.Signal=GPIO_Input
PE2.Locked=true
PE2.Signal=GPIO_Output
PE3.Locked=true
PE3.Signal=GPIO_Output
ProjectManager.AskForMigrate=true
ProjectManager.BackupPrevious=false
ProjectManager.CompilerOptimize=2
ProjectManager.ComputerToolchain=false
ProjectManager.CoupleFile=true
ProjectManager.DeletePrevious=true
ProjectManager.DeviceId=STM32F207VCTx
ProjectManager.FirmwarePackage=STM32Cube FW_F2 V1.1.1
ProjectManager.FreePins=false
ProjectManager.HalAssertFull=false
ProjectManager.KeepUserCode=true
ProjectManager.LastFirmware=true
ProjectManager.LibraryCopy=0
ProjectManager.ProjectBuild=false
ProjectManager.ProjectFileName=bldc_drive.ioc
ProjectManager.ProjectName=bldc_drive
ProjectManager.TargetToolchain=EWARM
ProjectManager.ToolChainLocation=
RCC.48MHZClocksFreq_Value=48000000
RCC.AHBFreq_Value=16000000
RCC.APB1Freq_Value=16000000
RCC.APB1TimFreq_Value=16000000
RCC.APB2Freq_Value=16000000
RCC.APB2TimFreq_Value=16000000
RCC.CortexFreq_Value=16000000
RCC.EthernetFreq_Value=16000000
RCC.FCLKCortexFreq_Value=16000000
RCC.FamilyName=M
RCC.HCLKFreq_Value=16000000
RCC.HSE_VALUE=25000000
RCC.HSI_VALUE=16000000
RCC.I2SClocksFreq_Value=96000000
RCC.IPParameters=LSI_VALUE,APB1TimFreq_Value,APB2Freq_Value,MCO2PinFreq_Value,FCLKCortexFreq_Value,48MHZClocksFreq_Value,AHBFreq_Value,VCOInputFreq_Value,I2SClocksFreq_Value,SYSCLKFreq_VALUE,LSE_VALUE,HSE_VALUE,HSI_VALUE,VCOI2SOutputFreq_Value,PLLCLKFreq_Value,RTCFreq_Value,FamilyName,HCLKFreq_Value,EthernetFreq_Value,VCOOutputFreq_Value,CortexFreq_Value,VcooutputI2S,APB1Freq_Value,RTCHSEDivFreq_Value,APB2TimFreq_Value
RCC.LSE_VALUE=32768
RCC.LSI_VALUE=32000
RCC.MCO2PinFreq_Value=16000000
RCC.PLLCLKFreq_Value=96000000
RCC.RTCFreq_Value=32000
RCC.RTCHSEDivFreq_Value=12500000
RCC.SYSCLKFreq_VALUE=16000000
RCC.VCOI2SOutputFreq_Value=192000000
RCC.VCOInputFreq_Value=1000000
RCC.VCOOutputFreq_Value=192000000
RCC.VcooutputI2S=96000000
SH.S_TIM3_CH3.0=TIM3_CH3,PWM Generation3 CH3
SH.S_TIM3_CH3.ConfNb=1
SH.S_TIM3_CH4.0=TIM3_CH4,PWM Generation4 CH4
SH.S_TIM3_CH4.ConfNb=1
SH.S_TIM4_CH2.0=TIM4_CH2,PWM Generation2 CH2
SH.S_TIM4_CH2.ConfNb=1
TIM3.Channel-PWM\ Generation3\ CH3=TIM_CHANNEL_3
TIM3.Channel-PWM\ Generation4\ CH4=TIM_CHANNEL_4
TIM3.IPParameters=Pulse-PWM Generation3 CH3,Pulse-PWM Generation4 CH4,Period,Channel-PWM Generation3 CH3,Channel-PWM Generation4 CH4
TIM3.Period=200
TIM3.Pulse-PWM\ Generation3\ CH3=50
TIM3.Pulse-PWM\ Generation4\ CH4=50
TIM4.Channel-PWM\ Generation2\ CH2=TIM_CHANNEL_2
TIM4.IPParameters=Pulse-PWM Generation2 CH2,Period,Channel-PWM Generation2 CH2
TIM4.Period=200
TIM4.Pulse-PWM\ Generation2\ CH2=50
VP_TIM3_VS_ClockSourceINT.Mode=Internal
VP_TIM3_VS_ClockSourceINT.Signal=TIM3_VS_ClockSourceINT
VP_TIM4_VS_ClockSourceINT.Mode=Internal
VP_TIM4_VS_ClockSourceINT.Signal=TIM4_VS_ClockSourceINT
board=custom
