#MicroXplorer Configuration settings - do not modify
Dma.Request0=USART3_RX
Dma.Request1=USART3_TX
Dma.RequestsNb=2
Dma.USART3_RX.0.Channel=DMA_CHANNEL_4
Dma.USART3_RX.0.Direction=DMA_PERIPH_TO_MEMORY
Dma.USART3_RX.0.FIFOMode=DMA_FIFOMODE_ENABLE
Dma.USART3_RX.0.FIFOThreshold=DMA_FIFO_THRESHOLD_FULL
Dma.USART3_RX.0.Instance=DMA1_Stream1
Dma.USART3_RX.0.MemBurst=DMA_MBURST_SINGLE
Dma.USART3_RX.0.MemDataAlignment=DMA_MDATAALIGN_BYTE
Dma.USART3_RX.0.MemInc=DMA_MINC_ENABLE
Dma.USART3_RX.0.Mode=DMA_CIRCULAR
Dma.USART3_RX.0.PeriphBurst=DMA_PBURST_SINGLE
Dma.USART3_RX.0.PeriphDataAlignment=DMA_PDATAALIGN_BYTE
Dma.USART3_RX.0.PeriphInc=DMA_PINC_DISABLE
Dma.USART3_RX.0.Priority=DMA_PRIORITY_LOW
Dma.USART3_RX.0.RequestParameters=Instance,Channel,Direction,PeriphInc,MemInc,PeriphDataAlignment,MemDataAlignment,Mode,Priority,FIFOMode,FIFOThreshold,MemBurst,PeriphBurst
Dma.USART3_TX.1.Channel=DMA_CHANNEL_4
Dma.USART3_TX.1.Direction=DMA_MEMORY_TO_PERIPH
Dma.USART3_TX.1.FIFOMode=DMA_FIFOMODE_ENABLE
Dma.USART3_TX.1.FIFOThreshold=DMA_FIFO_THRESHOLD_FULL
Dma.USART3_TX.1.Instance=DMA1_Stream3
Dma.USART3_TX.1.MemBurst=DMA_MBURST_SINGLE
Dma.USART3_TX.1.MemDataAlignment=DMA_MDATAALIGN_BYTE
Dma.USART3_TX.1.MemInc=DMA_MINC_ENABLE
Dma.USART3_TX.1.Mode=DMA_CIRCULAR
Dma.USART3_TX.1.PeriphBurst=DMA_PBURST_SINGLE
Dma.USART3_TX.1.PeriphDataAlignment=DMA_PDATAALIGN_BYTE
Dma.USART3_TX.1.PeriphInc=DMA_PINC_DISABLE
Dma.USART3_TX.1.Priority=DMA_PRIORITY_LOW
Dma.USART3_TX.1.RequestParameters=Instance,Channel,Direction,PeriphInc,MemInc,PeriphDataAlignment,MemDataAlignment,Mode,Priority,FIFOMode,FIFOThreshold,MemBurst,PeriphBurst
File.Version=5
KeepUserPlacement=false
Mcu.Family=STM32F2
Mcu.IP0=DMA
Mcu.IP1=NVIC
Mcu.IP2=RCC
Mcu.IP3=USART3
Mcu.IPNb=4
Mcu.Name=STM32F207V(C-E-F-G)Tx
Mcu.Package=LQFP100
Mcu.Pin0=PB10
Mcu.Pin1=PB11
Mcu.Pin2=PB13
Mcu.Pin3=PB14
Mcu.PinsNb=4
Mcu.UserConstants=
Mcu.UserName=STM32F207VCTx
MxCube.Version=4.11.0
MxDb.Version=DB.4.0.110
NVIC.DMA1_Stream1_IRQn=true\:0\:0\:false
NVIC.DMA1_Stream3_IRQn=true\:0\:0\:false
NVIC.PriorityGroup=NVIC_PRIORITYGROUP_4
NVIC.SysTick_IRQn=true\:0\:0\:false
NVIC.USART3_IRQn=true\:0\:0\:false
PB10.Mode=Asynchronous
PB10.Signal=USART3_TX
PB11.Mode=Asynchronous
PB11.Signal=USART3_RX
PB13.Mode=CTS_RTS
PB13.Signal=USART3_CTS
PB14.Mode=CTS_RTS
PB14.Signal=USART3_RTS
PCC.Checker=false
PCC.Line=STM32F2x7
PCC.MCU=STM32F207V(C-E-F-G)Tx
PCC.MXVersion=4.11.0
PCC.PartNumber=STM32F207VCTx
PCC.Seq0=0
PCC.Series=STM32F2
PCC.Temperature=25
PCC.Vdd=3.3
ProjectManager.AskForMigrate=true
ProjectManager.BackupPrevious=false
ProjectManager.CompilerOptimize=2
ProjectManager.ComputerToolchain=false
ProjectManager.CoupleFile=true
ProjectManager.DeletePrevious=true
ProjectManager.DeviceId=STM32F207VCTx
ProjectManager.FirmwarePackage=STM32Cube FW_F2 V1.2.0
ProjectManager.FreePins=false
ProjectManager.HalAssertFull=false
ProjectManager.KeepUserCode=true
ProjectManager.LastFirmware=true
ProjectManager.LibraryCopy=0
ProjectManager.ProjectBuild=false
ProjectManager.ProjectFileName=serial_dma.ioc
ProjectManager.ProjectName=serial_dma
ProjectManager.TargetToolchain=MDK-ARM V5
ProjectManager.ToolChainLocation=
RCC.48MHZClocksFreq_Value=48000000
RCC.AHBFreq_Value=16000000
RCC.APB1Freq_Value=16000000
RCC.APB2Freq_Value=16000000
RCC.CortexFreq_Value=16000000
RCC.FamilyName=M
RCC.HSE_VALUE=25000000
RCC.HSI_VALUE=16000000
RCC.I2SClocksFreq_Value=96000000
RCC.IPParameters=FamilyName,HSI_VALUE,SYSCLKFreq_VALUE,AHBFreq_Value,CortexFreq_Value,APB1Freq_Value,APB2Freq_Value,VCOInputFreq_Value,VCOOutputFreq_Value,PLLCLKFreq_Value,48MHZClocksFreq_Value,VCOI2SOutputFreq_Value,VcooutputI2S,I2SClocksFreq_Value,LSI_VALUE,RTCFreq_Value,HSE_VALUE,RTCHSEDivFreq_Value,LSE_VALUE
RCC.LSE_VALUE=32768
RCC.LSI_VALUE=32000
RCC.PLLCLKFreq_Value=96000000
RCC.RTCFreq_Value=32000
RCC.RTCHSEDivFreq_Value=12500000
RCC.SYSCLKFreq_VALUE=16000000
RCC.VCOI2SOutputFreq_Value=192000000
RCC.VCOInputFreq_Value=1000000
RCC.VCOOutputFreq_Value=192000000
RCC.VcooutputI2S=96000000
board=serial_dma
